
Microsoft Visual Studio Solution File, Format Version 12.00
# Visual Studio Version 16
VisualStudioVersion = 16.0.29613.14
MinimumVisualStudioVersion = 10.0.40219.1
Project("{9A19103F-16F7-4668-BE54-9A1E7A4F7556}") = "Calabonga.Configuration.Json", "Calabonga.Configuration.Core\Calabonga.Configuration.Json\Calabonga.Configuration.Json.csproj", "{D1566DD3-36CE-4787-83D8-ED588509AF92}"
EndProject
Global
	GlobalSection(SolutionConfigurationPlatforms) = preSolution
		Debug|Any CPU = Debug|Any CPU
		Release|Any CPU = Release|Any CPU
	EndGlobalSection
	GlobalSection(ProjectConfigurationPlatforms) = postSolution
		{D1566DD3-36CE-4787-83D8-ED588509AF92}.Debug|Any CPU.ActiveCfg = Debug|Any CPU
		{D1566DD3-36CE-4787-83D8-ED588509AF92}.Debug|Any CPU.Build.0 = Debug|Any CPU
		{D1566DD3-36CE-4787-83D8-ED588509AF92}.Release|Any CPU.ActiveCfg = Release|Any CPU
		{D1566DD3-36CE-4787-83D8-ED588509AF92}.Release|Any CPU.Build.0 = Release|Any CPU
	EndGlobalSection
	GlobalSection(SolutionProperties) = preSolution
		HideSolutionNode = FALSE
	EndGlobalSection
	GlobalSection(ExtensibilityGlobals) = postSolution
		SolutionGuid = {D90F8C20-F35C-4BD5-AFAE-5F69B52A1793}
	EndGlobalSection
EndGlobal
